
Microsoft Visual Studio Solution File, Format Version 12.00
# Visual Studio 14
VisualStudioVersion = 14.0.25420.1
MinimumVisualStudioVersion = 10.0.40219.1
Project("{FAE04EC0-301F-11D3-BF4B-00C04F79EFBC}") = "appsettings", "appsettings\appsettings.csproj", "{99410C7E-6389-4488-A759-328E81B94D17}"
EndProject
Project("{FAE04EC0-301F-11D3-BF4B-00C04F79EFBC}") = "unittest", "unittest\unittest.csproj", "{1A2355E9-2B32-4DE4-9467-B23816EEEA20}"
EndProject
Global
	GlobalSection(SolutionConfigurationPlatforms) = preSolution
		Debug|Any CPU = Debug|Any CPU
		Release|Any CPU = Release|Any CPU
	EndGlobalSection
	GlobalSection(ProjectConfigurationPlatforms) = postSolution
		{99410C7E-6389-4488-A759-328E81B94D17}.Debug|Any CPU.ActiveCfg = Debug|Any CPU
		{99410C7E-6389-4488-A759-328E81B94D17}.Debug|Any CPU.Build.0 = Debug|Any CPU
		{99410C7E-6389-4488-A759-328E81B94D17}.Release|Any CPU.ActiveCfg = Release|Any CPU
		{99410C7E-6389-4488-A759-328E81B94D17}.Release|Any CPU.Build.0 = Release|Any CPU
		{1A2355E9-2B32-4DE4-9467-B23816EEEA20}.Debug|Any CPU.ActiveCfg = Debug|Any CPU
		{1A2355E9-2B32-4DE4-9467-B23816EEEA20}.Debug|Any CPU.Build.0 = Debug|Any CPU
		{1A2355E9-2B32-4DE4-9467-B23816EEEA20}.Release|Any CPU.ActiveCfg = Release|Any CPU
		{1A2355E9-2B32-4DE4-9467-B23816EEEA20}.Release|Any CPU.Build.0 = Release|Any CPU
	EndGlobalSection
	GlobalSection(SolutionProperties) = preSolution
		HideSolutionNode = FALSE
	EndGlobalSection
EndGlobal
